
Microsoft Visual Studio Solution File, Format Version 10.00
# Visual Studio 2008
Project("{8BC9CEB8-8B4A-11D0-8D11-00A0C91BC942}") = "shinzui", "shinzui.vcproj", "{781D54A7-F045-46DB-960D-644DDE484572}"
EndProject
Project("{8BC9CEB8-8B4A-11D0-8D11-00A0C91BC942}") = "test", "test\test.vcproj", "{FEDA1124-E942-467A-A443-6A3194E36B80}"
	ProjectSection(ProjectDependencies) = postProject
		{781D54A7-F045-46DB-960D-644DDE484572} = {781D54A7-F045-46DB-960D-644DDE484572}
	EndProjectSection
EndProject
Global
	GlobalSection(SolutionConfigurationPlatforms) = preSolution
		Debug|Win32 = Debug|Win32
		Release|Win32 = Release|Win32
	EndGlobalSection
	GlobalSection(ProjectConfigurationPlatforms) = postSolution
		{781D54A7-F045-46DB-960D-644DDE484572}.Debug|Win32.ActiveCfg = Debug|Win32
		{781D54A7-F045-46DB-960D-644DDE484572}.Debug|Win32.Build.0 = Debug|Win32
		{781D54A7-F045-46DB-960D-644DDE484572}.Release|Win32.ActiveCfg = Release|Win32
		{781D54A7-F045-46DB-960D-644DDE484572}.Release|Win32.Build.0 = Release|Win32
		{FEDA1124-E942-467A-A443-6A3194E36B80}.Debug|Win32.ActiveCfg = Debug|Win32
		{FEDA1124-E942-467A-A443-6A3194E36B80}.Debug|Win32.Build.0 = Debug|Win32
		{FEDA1124-E942-467A-A443-6A3194E36B80}.Release|Win32.ActiveCfg = Release|Win32
		{FEDA1124-E942-467A-A443-6A3194E36B80}.Release|Win32.Build.0 = Release|Win32
	EndGlobalSection
	GlobalSection(SolutionProperties) = preSolution
		HideSolutionNode = FALSE
	EndGlobalSection
EndGlobal
