
Microsoft Visual Studio Solution File, Format Version 10.00
# Visual Studio 2008
Project("{8BC9CEB8-8B4A-11D0-8D11-00A0C91BC942}") = "shinzui", "..\shinzui\shinzui.vcproj", "{781D54A7-F045-46DB-960D-644DDE484572}"
	ProjectSection(ProjectDependencies) = postProject
		{94F36908-A4E2-4533-939D-64FF6EADA5A1} = {94F36908-A4E2-4533-939D-64FF6EADA5A1}
		{B39ED2B3-D53A-4077-B957-930979A3577D} = {B39ED2B3-D53A-4077-B957-930979A3577D}
		{78B079BD-9FC7-4B9E-B4A6-96DA0F00248B} = {78B079BD-9FC7-4B9E-B4A6-96DA0F00248B}
		{2BA81AFD-5122-481C-A9BD-4FDC7D7ECBE5} = {2BA81AFD-5122-481C-A9BD-4FDC7D7ECBE5}
	EndProjectSection
EndProject
Project("{8BC9CEB8-8B4A-11D0-8D11-00A0C91BC942}") = "freetype", "..\libraries\freetype_2_3_9\builds\win32\vc2008\freetype.vcproj", "{78B079BD-9FC7-4B9E-B4A6-96DA0F00248B}"
EndProject
Project("{8BC9CEB8-8B4A-11D0-8D11-00A0C91BC942}") = "glew_static", "..\libraries\glew\build\vc6\glew_static.vcproj", "{2BA81AFD-5122-481C-A9BD-4FDC7D7ECBE5}"
EndProject
Project("{8BC9CEB8-8B4A-11D0-8D11-00A0C91BC942}") = "FreeImagePlus", "..\libraries\freeimage\Wrapper\FreeImagePlus\FreeImagePlus.2005.vcproj", "{94F36908-A4E2-4533-939D-64FF6EADA5A1}"
EndProject
Project("{8BC9CEB8-8B4A-11D0-8D11-00A0C91BC942}") = "FreeImage", "..\libraries\freeimage\FreeImage.2005.vcproj", "{B39ED2B3-D53A-4077-B957-930979A3577D}"
EndProject
Global
	GlobalSection(SolutionConfigurationPlatforms) = preSolution
		Debug Unit Test|Win32 = Debug Unit Test|Win32
		Debug|Win32 = Debug|Win32
		Release|Win32 = Release|Win32
	EndGlobalSection
	GlobalSection(ProjectConfigurationPlatforms) = postSolution
		{781D54A7-F045-46DB-960D-644DDE484572}.Debug Unit Test|Win32.ActiveCfg = Debug UnitTest|Win32
		{781D54A7-F045-46DB-960D-644DDE484572}.Debug Unit Test|Win32.Build.0 = Debug UnitTest|Win32
		{781D54A7-F045-46DB-960D-644DDE484572}.Debug|Win32.ActiveCfg = Debug|Win32
		{781D54A7-F045-46DB-960D-644DDE484572}.Debug|Win32.Build.0 = Debug|Win32
		{781D54A7-F045-46DB-960D-644DDE484572}.Release|Win32.ActiveCfg = Release|Win32
		{781D54A7-F045-46DB-960D-644DDE484572}.Release|Win32.Build.0 = Release|Win32
		{78B079BD-9FC7-4B9E-B4A6-96DA0F00248B}.Debug Unit Test|Win32.ActiveCfg = Debug|Win32
		{78B079BD-9FC7-4B9E-B4A6-96DA0F00248B}.Debug Unit Test|Win32.Build.0 = Debug|Win32
		{78B079BD-9FC7-4B9E-B4A6-96DA0F00248B}.Debug|Win32.ActiveCfg = Debug|Win32
		{78B079BD-9FC7-4B9E-B4A6-96DA0F00248B}.Debug|Win32.Build.0 = Debug|Win32
		{78B079BD-9FC7-4B9E-B4A6-96DA0F00248B}.Release|Win32.ActiveCfg = Release|Win32
		{78B079BD-9FC7-4B9E-B4A6-96DA0F00248B}.Release|Win32.Build.0 = Release|Win32
		{2BA81AFD-5122-481C-A9BD-4FDC7D7ECBE5}.Debug Unit Test|Win32.ActiveCfg = Debug|Win32
		{2BA81AFD-5122-481C-A9BD-4FDC7D7ECBE5}.Debug Unit Test|Win32.Build.0 = Debug|Win32
		{2BA81AFD-5122-481C-A9BD-4FDC7D7ECBE5}.Debug|Win32.ActiveCfg = Debug|Win32
		{2BA81AFD-5122-481C-A9BD-4FDC7D7ECBE5}.Debug|Win32.Build.0 = Debug|Win32
		{2BA81AFD-5122-481C-A9BD-4FDC7D7ECBE5}.Release|Win32.ActiveCfg = Release|Win32
		{2BA81AFD-5122-481C-A9BD-4FDC7D7ECBE5}.Release|Win32.Build.0 = Release|Win32
		{EB8851C8-19BA-415D-B1D7-1E0993E4130B}.Debug Unit Test|Win32.ActiveCfg = Debug|Win32
		{EB8851C8-19BA-415D-B1D7-1E0993E4130B}.Debug|Win32.ActiveCfg = Debug|Win32
		{EB8851C8-19BA-415D-B1D7-1E0993E4130B}.Debug|Win32.Build.0 = Debug|Win32
		{EB8851C8-19BA-415D-B1D7-1E0993E4130B}.Release|Win32.ActiveCfg = Release|Win32
		{EB8851C8-19BA-415D-B1D7-1E0993E4130B}.Release|Win32.Build.0 = Release|Win32
		{94F36908-A4E2-4533-939D-64FF6EADA5A1}.Debug Unit Test|Win32.ActiveCfg = Debug|Win32
		{94F36908-A4E2-4533-939D-64FF6EADA5A1}.Debug Unit Test|Win32.Build.0 = Debug|Win32
		{94F36908-A4E2-4533-939D-64FF6EADA5A1}.Debug|Win32.ActiveCfg = Debug|Win32
		{94F36908-A4E2-4533-939D-64FF6EADA5A1}.Debug|Win32.Build.0 = Debug|Win32
		{94F36908-A4E2-4533-939D-64FF6EADA5A1}.Release|Win32.ActiveCfg = Release|Win32
		{94F36908-A4E2-4533-939D-64FF6EADA5A1}.Release|Win32.Build.0 = Release|Win32
		{B39ED2B3-D53A-4077-B957-930979A3577D}.Debug Unit Test|Win32.ActiveCfg = Debug|Win32
		{B39ED2B3-D53A-4077-B957-930979A3577D}.Debug Unit Test|Win32.Build.0 = Debug|Win32
		{B39ED2B3-D53A-4077-B957-930979A3577D}.Debug|Win32.ActiveCfg = Debug|Win32
		{B39ED2B3-D53A-4077-B957-930979A3577D}.Debug|Win32.Build.0 = Debug|Win32
		{B39ED2B3-D53A-4077-B957-930979A3577D}.Release|Win32.ActiveCfg = Release|Win32
		{B39ED2B3-D53A-4077-B957-930979A3577D}.Release|Win32.Build.0 = Release|Win32
	EndGlobalSection
	GlobalSection(SolutionProperties) = preSolution
		HideSolutionNode = FALSE
	EndGlobalSection
EndGlobal
